// !$*UTF8*$!
{
	archiveVersion = 1;
	classes = {
	};
	objectVersion = 46;
	objects = {

/* Begin PBXBuildFile section */
		935301A21EC9832F004A80E5 /* main.m in Sources */ = {isa = PBXBuildFile; fileRef = 935301A11EC9832F004A80E5 /* main.m */; };
		935301A51EC9832F004A80E5 /* AppDelegate.m in Sources */ = {isa = PBXBuildFile; fileRef = 935301A41EC9832F004A80E5 /* AppDelegate.m */; };
		935301A81EC9832F004A80E5 /* ViewController.m in Sources */ = {isa = PBXBuildFile; fileRef = 935301A71EC9832F004A80E5 /* ViewController.m */; };
		935301AB1EC9832F004A80E5 /* Main.storyboard in Resources */ = {isa = PBXBuildFile; fileRef = 935301A91EC9832F004A80E5 /* Main.storyboard */; };
		935301AD1EC9832F004A80E5 /* Assets.xcassets in Resources */ = {isa = PBXBuildFile; fileRef = 935301AC1EC9832F004A80E5 /* Assets.xcassets */; };
		935301B01EC9832F004A80E5 /* LaunchScreen.storyboard in Resources */ = {isa = PBXBuildFile; fileRef = 935301AE1EC9832F004A80E5 /* LaunchScreen.storyboard */; };
		935301BB1EC98330004A80E5 /* ____Tests.m in Sources */ = {isa = PBXBuildFile; fileRef = 935301BA1EC98330004A80E5 /* ____Tests.m */; };
		935301C61EC98330004A80E5 /* ____UITests.m in Sources */ = {isa = PBXBuildFile; fileRef = 935301C51EC98330004A80E5 /* ____UITests.m */; };
		935301D51EC98448004A80E5 /* UIImage+ZY.m in Sources */ = {isa = PBXBuildFile; fileRef = 935301D41EC98448004A80E5 /* UIImage+ZY.m */; };
/* End PBXBuildFile section */

/* Begin PBXContainerItemProxy section */
		935301B71EC98330004A80E5 /* PBXContainerItemProxy */ = {
			isa = PBXContainerItemProxy;
			containerPortal = 935301951EC9832F004A80E5 /* Project object */;
			proxyType = 1;
			remoteGlobalIDString = 9353019C1EC9832F004A80E5;
			remoteInfo = "图片水印";
		};
		935301C21EC98330004A80E5 /* PBXContainerItemProxy */ = {
			isa = PBXContainerItemProxy;
			containerPortal = 935301951EC9832F004A80E5 /* Project object */;
			proxyType = 1;
			remoteGlobalIDString = 9353019C1EC9832F004A80E5;
			remoteInfo = "图片水印";
		};
/* End PBXContainerItemProxy section */

/* Begin PBXFileReference section */
		9353019D1EC9832F004A80E5 /* 图片水印.app */ = {isa = PBXFileReference; explicitFileType = wrapper.application; includeInIndex = 0; path = "图片水印.app"; sourceTree = BUILT_PRODUCTS_DIR; };
		935301A11EC9832F004A80E5 /* main.m */ = {isa = PBXFileReference; lastKnownFileType = sourcecode.c.objc; path = main.m; sourceTree = "<group>"; };
		935301A31EC9832F004A80E5 /* AppDelegate.h */ = {isa = PBXFileReference; lastKnownFileType = sourcecode.c.h; path = AppDelegate.h; sourceTree = "<group>"; };
		935301A41EC9832F004A80E5 /* AppDelegate.m */ = {isa = PBXFileReference; lastKnownFileType = sourcecode.c.objc; path = AppDelegate.m; sourceTree = "<group>"; };
		935301A61EC9832F004A80E5 /* ViewController.h */ = {isa = PBXFileReference; lastKnownFileType = sourcecode.c.h; path = ViewController.h; sourceTree = "<group>"; };
		935301A71EC9832F004A80E5 /* ViewController.m */ = {isa = PBXFileReference; lastKnownFileType = sourcecode.c.objc; path = ViewController.m; sourceTree = "<group>"; };
		935301AA1EC9832F004A80E5 /* Base */ = {isa = PBXFileReference; lastKnownFileType = file.storyboard; name = Base; path = Base.lproj/Main.storyboard; sourceTree = "<group>"; };
		935301AC1EC9832F004A80E5 /* Assets.xcassets */ = {isa = PBXFileReference; lastKnownFileType = folder.assetcatalog; path = Assets.xcassets; sourceTree = "<group>"; };
		935301AF1EC9832F004A80E5 /* Base */ = {isa = PBXFileReference; lastKnownFileType = file.storyboard; name = Base; path = Base.lproj/LaunchScreen.storyboard; sourceTree = "<group>"; };
		935301B11EC98330004A80E5 /* Info.plist */ = {isa = PBXFileReference; lastKnownFileType = text.plist.xml; path = Info.plist; sourceTree = "<group>"; };
		935301B61EC98330004A80E5 /* 图片水印Tests.xctest */ = {isa = PBXFileReference; explicitFileType = wrapper.cfbundle; includeInIndex = 0; path = "图片水印Tests.xctest"; sourceTree = BUILT_PRODUCTS_DIR; };
		935301BA1EC98330004A80E5 /* ____Tests.m */ = {isa = PBXFileReference; lastKnownFileType = sourcecode.c.objc; path = "____Tests.m"; sourceTree = "<group>"; };
		935301BC1EC98330004A80E5 /* Info.plist */ = {isa = PBXFileReference; lastKnownFileType = text.plist.xml; path = Info.plist; sourceTree = "<group>"; };
		935301C11EC98330004A80E5 /* 图片水印UITests.xctest */ = {isa = PBXFileReference; explicitFileType = wrapper.cfbundle; includeInIndex = 0; path = "图片水印UITests.xctest"; sourceTree = BUILT_PRODUCTS_DIR; };
		935301C51EC98330004A80E5 /* ____UITests.m */ = {isa = PBXFileReference; lastKnownFileType = sourcecode.c.objc; path = "____UITests.m"; sourceTree = "<group>"; };
		935301C71EC98330004A80E5 /* Info.plist */ = {isa = PBXFileReference; lastKnownFileType = text.plist.xml; path = Info.plist; sourceTree = "<group>"; };
		935301D31EC98448004A80E5 /* UIImage+ZY.h */ = {isa = PBXFileReference; fileEncoding = 4; lastKnownFileType = sourcecode.c.h; path = "UIImage+ZY.h"; sourceTree = "<group>"; };
		935301D41EC98448004A80E5 /* UIImage+ZY.m */ = {isa = PBXFileReference; fileEncoding = 4; lastKnownFileType = sourcecode.c.objc; path = "UIImage+ZY.m"; sourceTree = "<group>"; };
/* End PBXFileReference section */

/* Begin PBXFrameworksBuildPhase section */
		9353019A1EC9832F004A80E5 /* Frameworks */ = {
			isa = PBXFrameworksBuildPhase;
			buildActionMask = 2147483647;
			files = (
			);
			runOnlyForDeploymentPostprocessing = 0;
		};
		935301B31EC98330004A80E5 /* Frameworks */ = {
			isa = PBXFrameworksBuildPhase;
			buildActionMask = 2147483647;
			files = (
			);
			runOnlyForDeploymentPostprocessing = 0;
		};
		935301BE1EC98330004A80E5 /* Frameworks */ = {
			isa = PBXFrameworksBuildPhase;
			buildActionMask = 2147483647;
			files = (
			);
			runOnlyForDeploymentPostprocessing = 0;
		};
/* End PBXFrameworksBuildPhase section */

/* Begin PBXGroup section */
		935301941EC9832F004A80E5 = {
			isa = PBXGroup;
			children = (
				9353019F1EC9832F004A80E5 /* 图片水印 */,
				935301B91EC98330004A80E5 /* 图片水印Tests */,
				935301C41EC98330004A80E5 /* 图片水印UITests */,
				9353019E1EC9832F004A80E5 /* Products */,
			);
			sourceTree = "<group>";
		};
		9353019E1EC9832F004A80E5 /* Products */ = {
			isa = PBXGroup;
			children = (
				9353019D1EC9832F004A80E5 /* 图片水印.app */,
				935301B61EC98330004A80E5 /* 图片水印Tests.xctest */,
				935301C11EC98330004A80E5 /* 图片水印UITests.xctest */,
			);
			name = Products;
			sourceTree = "<group>";
		};
		9353019F1EC9832F004A80E5 /* 图片水印 */ = {
			isa = PBXGroup;
			children = (
				935301A31EC9832F004A80E5 /* AppDelegate.h */,
				935301A41EC9832F004A80E5 /* AppDelegate.m */,
				935301A61EC9832F004A80E5 /* ViewController.h */,
				935301A71EC9832F004A80E5 /* ViewController.m */,
				935301D31EC98448004A80E5 /* UIImage+ZY.h */,
				935301D41EC98448004A80E5 /* UIImage+ZY.m */,
				935301A91EC9832F004A80E5 /* Main.storyboard */,
				935301AC1EC9832F004A80E5 /* Assets.xcassets */,
				935301AE1EC9832F004A80E5 /* LaunchScreen.storyboard */,
				935301B11EC98330004A80E5 /* Info.plist */,
				935301A01EC9832F004A80E5 /* Supporting Files */,
			);
			path = "图片水印";
			sourceTree = "<group>";
		};
		935301A01EC9832F004A80E5 /* Supporting Files */ = {
			isa = PBXGroup;
			children = (
				935301A11EC9832F004A80E5 /* main.m */,
			);
			name = "Supporting Files";
			sourceTree = "<group>";
		};
		935301B91EC98330004A80E5 /* 图片水印Tests */ = {
			isa = PBXGroup;
			children = (
				935301BA1EC98330004A80E5 /* ____Tests.m */,
				935301BC1EC98330004A80E5 /* Info.plist */,
			);
			path = "图片水印Tests";
			sourceTree = "<group>";
		};
		935301C41EC98330004A80E5 /* 图片水印UITests */ = {
			isa = PBXGroup;
			children = (
				935301C51EC98330004A80E5 /* ____UITests.m */,
				935301C71EC98330004A80E5 /* Info.plist */,
			);
			path = "图片水印UITests";
			sourceTree = "<group>";
		};
/* End PBXGroup section */

/* Begin PBXNativeTarget section */
		9353019C1EC9832F004A80E5 /* 图片水印 */ = {
			isa = PBXNativeTarget;
			buildConfigurationList = 935301CA1EC98330004A80E5 /* Build configuration list for PBXNativeTarget "图片水印" */;
			buildPhases = (
				935301991EC9832F004A80E5 /* Sources */,
				9353019A1EC9832F004A80E5 /* Frameworks */,
				9353019B1EC9832F004A80E5 /* Resources */,
			);
			buildRules = (
			);
			dependencies = (
			);
			name = "图片水印";
			productName = "图片水印";
			productReference = 9353019D1EC9832F004A80E5 /* 图片水印.app */;
			productType = "com.apple.product-type.application";
		};
		935301B51EC98330004A80E5 /* 图片水印Tests */ = {
			isa = PBXNativeTarget;
			buildConfigurationList = 935301CD1EC98330004A80E5 /* Build configuration list for PBXNativeTarget "图片水印Tests" */;
			buildPhases = (
				935301B21EC98330004A80E5 /* Sources */,
				935301B31EC98330004A80E5 /* Frameworks */,
				935301B41EC98330004A80E5 /* Resources */,
			);
			buildRules = (
			);
			dependencies = (
				935301B81EC98330004A80E5 /* PBXTargetDependency */,
			);
			name = "图片水印Tests";
			productName = "图片水印Tests";
			productReference = 935301B61EC98330004A80E5 /* 图片水印Tests.xctest */;
			productType = "com.apple.product-type.bundle.unit-test";
		};
		935301C01EC98330004A80E5 /* 图片水印UITests */ = {
			isa = PBXNativeTarget;
			buildConfigurationList = 935301D01EC98330004A80E5 /* Build configuration list for PBXNativeTarget "图片水印UITests" */;
			buildPhases = (
				935301BD1EC98330004A80E5 /* Sources */,
				935301BE1EC98330004A80E5 /* Frameworks */,
				935301BF1EC98330004A80E5 /* Resources */,
			);
			buildRules = (
			);
			dependencies = (
				935301C31EC98330004A80E5 /* PBXTargetDependency */,
			);
			name = "图片水印UITests";
			productName = "图片水印UITests";
			productReference = 935301C11EC98330004A80E5 /* 图片水印UITests.xctest */;
			productType = "com.apple.product-type.bundle.ui-testing";
		};
/* End PBXNativeTarget section */

/* Begin PBXProject section */
		935301951EC9832F004A80E5 /* Project object */ = {
			isa = PBXProject;
			attributes = {
				LastUpgradeCheck = 0820;
				ORGANIZATIONNAME = jsmysoft;
				TargetAttributes = {
					9353019C1EC9832F004A80E5 = {
						CreatedOnToolsVersion = 8.2.1;
						ProvisioningStyle = Automatic;
					};
					935301B51EC98330004A80E5 = {
						CreatedOnToolsVersion = 8.2.1;
						ProvisioningStyle = Automatic;
						TestTargetID = 9353019C1EC9832F004A80E5;
					};
					935301C01EC98330004A80E5 = {
						CreatedOnToolsVersion = 8.2.1;
						ProvisioningStyle = Automatic;
						TestTargetID = 9353019C1EC9832F004A80E5;
					};
				};
			};
			buildConfigurationList = 935301981EC9832F004A80E5 /* Build configuration list for PBXProject "图片水印" */;
			compatibilityVersion = "Xcode 3.2";
			developmentRegion = English;
			hasScannedForEncodings = 0;
			knownRegions = (
				en,
				Base,
			);
			mainGroup = 935301941EC9832F004A80E5;
			productRefGroup = 9353019E1EC9832F004A80E5 /* Products */;
			projectDirPath = "";
			projectRoot = "";
			targets = (
				9353019C1EC9832F004A80E5 /* 图片水印 */,
				935301B51EC98330004A80E5 /* 图片水印Tests */,
				935301C01EC98330004A80E5 /* 图片水印UITests */,
			);
		};
/* End PBXProject section */

/* Begin PBXResourcesBuildPhase section */
		9353019B1EC9832F004A80E5 /* Resources */ = {
			isa = PBXResourcesBuildPhase;
			buildActionMask = 2147483647;
			files = (
				935301B01EC9832F004A80E5 /* LaunchScreen.storyboard in Resources */,
				935301AD1EC9832F004A80E5 /* Assets.xcassets in Resources */,
				935301AB1EC9832F004A80E5 /* Main.storyboard in Resources */,
			);
			runOnlyForDeploymentPostprocessing = 0;
		};
		935301B41EC98330004A80E5 /* Resources */ = {
			isa = PBXResourcesBuildPhase;
			buildActionMask = 2147483647;
			files = (
			);
			runOnlyForDeploymentPostprocessing = 0;
		};
		935301BF1EC98330004A80E5 /* Resources */ = {
			isa = PBXResourcesBuildPhase;
			buildActionMask = 2147483647;
			files = (
			);
			runOnlyForDeploymentPostprocessing = 0;
		};
/* End PBXResourcesBuildPhase section */

/* Begin PBXSourcesBuildPhase section */
		935301991EC9832F004A80E5 /* Sources */ = {
			isa = PBXSourcesBuildPhase;
			buildActionMask = 2147483647;
			files = (
				935301A81EC9832F004A80E5 /* ViewController.m in Sources */,
				935301A51EC9832F004A80E5 /* AppDelegate.m in Sources */,
				935301D51EC98448004A80E5 /* UIImage+ZY.m in Sources */,
				935301A21EC9832F004A80E5 /* main.m in Sources */,
			);
			runOnlyForDeploymentPostprocessing = 0;
		};
		935301B21EC98330004A80E5 /* Sources */ = {
			isa = PBXSourcesBuildPhase;
			buildActionMask = 2147483647;
			files = (
				935301BB1EC98330004A80E5 /* ____Tests.m in Sources */,
			);
			runOnlyForDeploymentPostprocessing = 0;
		};
		935301BD1EC98330004A80E5 /* Sources */ = {
			isa = PBXSourcesBuildPhase;
			buildActionMask = 2147483647;
			files = (
				935301C61EC98330004A80E5 /* ____UITests.m in Sources */,
			);
			runOnlyForDeploymentPostprocessing = 0;
		};
/* End PBXSourcesBuildPhase section */

/* Begin PBXTargetDependency section */
		935301B81EC98330004A80E5 /* PBXTargetDependency */ = {
			isa = PBXTargetDependency;
			target = 9353019C1EC9832F004A80E5 /* 图片水印 */;
			targetProxy = 935301B71EC98330004A80E5 /* PBXContainerItemProxy */;
		};
		935301C31EC98330004A80E5 /* PBXTargetDependency */ = {
			isa = PBXTargetDependency;
			target = 9353019C1EC9832F004A80E5 /* 图片水印 */;
			targetProxy = 935301C21EC98330004A80E5 /* PBXContainerItemProxy */;
		};
/* End PBXTargetDependency section */

/* Begin PBXVariantGroup section */
		935301A91EC9832F004A80E5 /* Main.storyboard */ = {
			isa = PBXVariantGroup;
			children = (
				935301AA1EC9832F004A80E5 /* Base */,
			);
			name = Main.storyboard;
			sourceTree = "<group>";
		};
		935301AE1EC9832F004A80E5 /* LaunchScreen.storyboard */ = {
			isa = PBXVariantGroup;
			children = (
				935301AF1EC9832F004A80E5 /* Base */,
			);
			name = LaunchScreen.storyboard;
			sourceTree = "<group>";
		};
/* End PBXVariantGroup section */

/* Begin XCBuildConfiguration section */
		935301C81EC98330004A80E5 /* Debug */ = {
			isa = XCBuildConfiguration;
			buildSettings = {
				ALWAYS_SEARCH_USER_PATHS = NO;
				CLANG_ANALYZER_NONNULL = YES;
				CLANG_CXX_LANGUAGE_STANDARD = "gnu++0x";
				CLANG_CXX_LIBRARY = "libc++";
				CLANG_ENABLE_MODULES = YES;
				CLANG_ENABLE_OBJC_ARC = YES;
				CLANG_WARN_BOOL_CONVERSION = YES;
				CLANG_WARN_CONSTANT_CONVERSION = YES;
				CLANG_WARN_DIRECT_OBJC_ISA_USAGE = YES_ERROR;
				CLANG_WARN_DOCUMENTATION_COMMENTS = YES;
				CLANG_WARN_EMPTY_BODY = YES;
				CLANG_WARN_ENUM_CONVERSION = YES;
				CLANG_WARN_INFINITE_RECURSION = YES;
				CLANG_WARN_INT_CONVERSION = YES;
				CLANG_WARN_OBJC_ROOT_CLASS = YES_ERROR;
				CLANG_WARN_SUSPICIOUS_MOVE = YES;
				CLANG_WARN_UNREACHABLE_CODE = YES;
				CLANG_WARN__DUPLICATE_METHOD_MATCH = YES;
				"CODE_SIGN_IDENTITY[sdk=iphoneos*]" = "iPhone Developer";
				COPY_PHASE_STRIP = NO;
				DEBUG_INFORMATION_FORMAT = dwarf;
				ENABLE_STRICT_OBJC_MSGSEND = YES;
				ENABLE_TESTABILITY = YES;
				GCC_C_LANGUAGE_STANDARD = gnu99;
				GCC_DYNAMIC_NO_PIC = NO;
				GCC_NO_COMMON_BLOCKS = YES;
				GCC_OPTIMIZATION_LEVEL = 0;
				GCC_PREPROCESSOR_DEFINITIONS = (
					"DEBUG=1",
					"$(inherited)",
				);
				GCC_WARN_64_TO_32_BIT_CONVERSION = YES;
				GCC_WARN_ABOUT_RETURN_TYPE = YES_ERROR;
				GCC_WARN_UNDECLARED_SELECTOR = YES;
				GCC_WARN_UNINITIALIZED_AUTOS = YES_AGGRESSIVE;
				GCC_WARN_UNUSED_FUNCTION = YES;
				GCC_WARN_UNUSED_VARIABLE = YES;
				IPHONEOS_DEPLOYMENT_TARGET = 10.2;
				MTL_ENABLE_DEBUG_INFO = YES;
				ONLY_ACTIVE_ARCH = YES;
				SDKROOT = iphoneos;
			};
			name = Debug;
		};
		935301C91EC98330004A80E5 /* Release */ = {
			isa = XCBuildConfiguration;
			buildSettings = {
				ALWAYS_SEARCH_USER_PATHS = NO;
				CLANG_ANALYZER_NONNULL = YES;
				CLANG_CXX_LANGUAGE_STANDARD = "gnu++0x";
				CLANG_CXX_LIBRARY = "libc++";
				CLANG_ENABLE_MODULES = YES;
				CLANG_ENABLE_OBJC_ARC = YES;
				CLANG_WARN_BOOL_CONVERSION = YES;
				CLANG_WARN_CONSTANT_CONVERSION = YES;
				CLANG_WARN_DIRECT_OBJC_ISA_USAGE = YES_ERROR;
				CLANG_WARN_DOCUMENTATION_COMMENTS = YES;
				CLANG_WARN_EMPTY_BODY = YES;
				CLANG_WARN_ENUM_CONVERSION = YES;
				CLANG_WARN_INFINITE_RECURSION = YES;
				CLANG_WARN_INT_CONVERSION = YES;
				CLANG_WARN_OBJC_ROOT_CLASS = YES_ERROR;
				CLANG_WARN_SUSPICIOUS_MOVE = YES;
				CLANG_WARN_UNREACHABLE_CODE = YES;
				CLANG_WARN__DUPLICATE_METHOD_MATCH = YES;
				"CODE_SIGN_IDENTITY[sdk=iphoneos*]" = "iPhone Developer";
				COPY_PHASE_STRIP = NO;
				DEBUG_INFORMATION_FORMAT = "dwarf-with-dsym";
				ENABLE_NS_ASSERTIONS = NO;
				ENABLE_STRICT_OBJC_MSGSEND = YES;
				GCC_C_LANGUAGE_STANDARD = gnu99;
				GCC_NO_COMMON_BLOCKS = YES;
				GCC_WARN_64_TO_32_BIT_CONVERSION = YES;
				GCC_WARN_ABOUT_RETURN_TYPE = YES_ERROR;
				GCC_WARN_UNDECLARED_SELECTOR = YES;
				GCC_WARN_UNINITIALIZED_AUTOS = YES_AGGRESSIVE;
				GCC_WARN_UNUSED_FUNCTION = YES;
				GCC_WARN_UNUSED_VARIABLE = YES;
				IPHONEOS_DEPLOYMENT_TARGET = 10.2;
				MTL_ENABLE_DEBUG_INFO = NO;
				SDKROOT = iphoneos;
				VALIDATE_PRODUCT = YES;
			};
			name = Release;
		};
		935301CB1EC98330004A80E5 /* Debug */ = {
			isa = XCBuildConfiguration;
			buildSettings = {
				ASSETCATALOG_COMPILER_APPICON_NAME = AppIcon;
				INFOPLIST_FILE = "图片水印/Info.plist";
				LD_RUNPATH_SEARCH_PATHS = "$(inherited) @executable_path/Frameworks";
				PRODUCT_BUNDLE_IDENTIFIER = "zy.----";
				PRODUCT_NAME = "$(TARGET_NAME)";
			};
			name = Debug;
		};
		935301CC1EC98330004A80E5 /* Release */ = {
			isa = XCBuildConfiguration;
			buildSettings = {
				ASSETCATALOG_COMPILER_APPICON_NAME = AppIcon;
				INFOPLIST_FILE = "图片水印/Info.plist";
				LD_RUNPATH_SEARCH_PATHS = "$(inherited) @executable_path/Frameworks";
				PRODUCT_BUNDLE_IDENTIFIER = "zy.----";
				PRODUCT_NAME = "$(TARGET_NAME)";
			};
			name = Release;
		};
		935301CE1EC98330004A80E5 /* Debug */ = {
			isa = XCBuildConfiguration;
			buildSettings = {
				BUNDLE_LOADER = "$(TEST_HOST)";
				INFOPLIST_FILE = "图片水印Tests/Info.plist";
				LD_RUNPATH_SEARCH_PATHS = "$(inherited) @executable_path/Frameworks @loader_path/Frameworks";
				PRODUCT_BUNDLE_IDENTIFIER = "zy.----Tests";
				PRODUCT_NAME = "$(TARGET_NAME)";
				TEST_HOST = "$(BUILT_PRODUCTS_DIR)/图片水印.app/图片水印";
			};
			name = Debug;
		};
		935301CF1EC98330004A80E5 /* Release */ = {
			isa = XCBuildConfiguration;
			buildSettings = {
				BUNDLE_LOADER = "$(TEST_HOST)";
				INFOPLIST_FILE = "图片水印Tests/Info.plist";
				LD_RUNPATH_SEARCH_PATHS = "$(inherited) @executable_path/Frameworks @loader_path/Frameworks";
				PRODUCT_BUNDLE_IDENTIFIER = "zy.----Tests";
				PRODUCT_NAME = "$(TARGET_NAME)";
				TEST_HOST = "$(BUILT_PRODUCTS_DIR)/图片水印.app/图片水印";
			};
			name = Release;
		};
		935301D11EC98330004A80E5 /* Debug */ = {
			isa = XCBuildConfiguration;
			buildSettings = {
				INFOPLIST_FILE = "图片水印UITests/Info.plist";
				LD_RUNPATH_SEARCH_PATHS = "$(inherited) @executable_path/Frameworks @loader_path/Frameworks";
				PRODUCT_BUNDLE_IDENTIFIER = "zy.----UITests";
				PRODUCT_NAME = "$(TARGET_NAME)";
				TEST_TARGET_NAME = "图片水印";
			};
			name = Debug;
		};
		935301D21EC98330004A80E5 /* Release */ = {
			isa = XCBuildConfiguration;
			buildSettings = {
				INFOPLIST_FILE = "图片水印UITests/Info.plist";
				LD_RUNPATH_SEARCH_PATHS = "$(inherited) @executable_path/Frameworks @loader_path/Frameworks";
				PRODUCT_BUNDLE_IDENTIFIER = "zy.----UITests";
				PRODUCT_NAME = "$(TARGET_NAME)";
				TEST_TARGET_NAME = "图片水印";
			};
			name = Release;
		};
/* End XCBuildConfiguration section */

/* Begin XCConfigurationList section */
		935301981EC9832F004A80E5 /* Build configuration list for PBXProject "图片水印" */ = {
			isa = XCConfigurationList;
			buildConfigurations = (
				935301C81EC98330004A80E5 /* Debug */,
				935301C91EC98330004A80E5 /* Release */,
			);
			defaultConfigurationIsVisible = 0;
			defaultConfigurationName = Release;
		};
		935301CA1EC98330004A80E5 /* Build configuration list for PBXNativeTarget "图片水印" */ = {
			isa = XCConfigurationList;
			buildConfigurations = (
				935301CB1EC98330004A80E5 /* Debug */,
				935301CC1EC98330004A80E5 /* Release */,
			);
			defaultConfigurationIsVisible = 0;
		};
		935301CD1EC98330004A80E5 /* Build configuration list for PBXNativeTarget "图片水印Tests" */ = {
			isa = XCConfigurationList;
			buildConfigurations = (
				935301CE1EC98330004A80E5 /* Debug */,
				935301CF1EC98330004A80E5 /* Release */,
			);
			defaultConfigurationIsVisible = 0;
		};
		935301D01EC98330004A80E5 /* Build configuration list for PBXNativeTarget "图片水印UITests" */ = {
			isa = XCConfigurationList;
			buildConfigurations = (
				935301D11EC98330004A80E5 /* Debug */,
				935301D21EC98330004A80E5 /* Release */,
			);
			defaultConfigurationIsVisible = 0;
		};
/* End XCConfigurationList section */
	};
	rootObject = 935301951EC9832F004A80E5 /* Project object */;
}
