// !$*UTF8*$!
{
	archiveVersion = 1;
	classes = {
	};
	objectVersion = 46;
	objects = {

/* Begin PBXBuildFile section */
		939F57C31ECAACBA001CEDF5 /* main.m in Sources */ = {isa = PBXBuildFile; fileRef = 939F57C21ECAACBA001CEDF5 /* main.m */; };
		939F57C61ECAACBA001CEDF5 /* AppDelegate.m in Sources */ = {isa = PBXBuildFile; fileRef = 939F57C51ECAACBA001CEDF5 /* AppDelegate.m */; };
		939F57C91ECAACBA001CEDF5 /* ViewController.m in Sources */ = {isa = PBXBuildFile; fileRef = 939F57C81ECAACBA001CEDF5 /* ViewController.m */; };
		939F57CC1ECAACBB001CEDF5 /* Main.storyboard in Resources */ = {isa = PBXBuildFile; fileRef = 939F57CA1ECAACBB001CEDF5 /* Main.storyboard */; };
		939F57CE1ECAACBB001CEDF5 /* Assets.xcassets in Resources */ = {isa = PBXBuildFile; fileRef = 939F57CD1ECAACBB001CEDF5 /* Assets.xcassets */; };
		939F57D11ECAACBB001CEDF5 /* LaunchScreen.storyboard in Resources */ = {isa = PBXBuildFile; fileRef = 939F57CF1ECAACBB001CEDF5 /* LaunchScreen.storyboard */; };
		939F57DC1ECAACBC001CEDF5 /* ____Tests.m in Sources */ = {isa = PBXBuildFile; fileRef = 939F57DB1ECAACBC001CEDF5 /* ____Tests.m */; };
		939F57E71ECAACBC001CEDF5 /* ____UITests.m in Sources */ = {isa = PBXBuildFile; fileRef = 939F57E61ECAACBC001CEDF5 /* ____UITests.m */; };
/* End PBXBuildFile section */

/* Begin PBXContainerItemProxy section */
		939F57D81ECAACBB001CEDF5 /* PBXContainerItemProxy */ = {
			isa = PBXContainerItemProxy;
			containerPortal = 939F57B61ECAACB7001CEDF5 /* Project object */;
			proxyType = 1;
			remoteGlobalIDString = 939F57BD1ECAACB9001CEDF5;
			remoteInfo = "条纹背景";
		};
		939F57E31ECAACBC001CEDF5 /* PBXContainerItemProxy */ = {
			isa = PBXContainerItemProxy;
			containerPortal = 939F57B61ECAACB7001CEDF5 /* Project object */;
			proxyType = 1;
			remoteGlobalIDString = 939F57BD1ECAACB9001CEDF5;
			remoteInfo = "条纹背景";
		};
/* End PBXContainerItemProxy section */

/* Begin PBXFileReference section */
		939F57BE1ECAACB9001CEDF5 /* 条纹背景.app */ = {isa = PBXFileReference; explicitFileType = wrapper.application; includeInIndex = 0; path = "条纹背景.app"; sourceTree = BUILT_PRODUCTS_DIR; };
		939F57C21ECAACBA001CEDF5 /* main.m */ = {isa = PBXFileReference; lastKnownFileType = sourcecode.c.objc; path = main.m; sourceTree = "<group>"; };
		939F57C41ECAACBA001CEDF5 /* AppDelegate.h */ = {isa = PBXFileReference; lastKnownFileType = sourcecode.c.h; path = AppDelegate.h; sourceTree = "<group>"; };
		939F57C51ECAACBA001CEDF5 /* AppDelegate.m */ = {isa = PBXFileReference; lastKnownFileType = sourcecode.c.objc; path = AppDelegate.m; sourceTree = "<group>"; };
		939F57C71ECAACBA001CEDF5 /* ViewController.h */ = {isa = PBXFileReference; lastKnownFileType = sourcecode.c.h; path = ViewController.h; sourceTree = "<group>"; };
		939F57C81ECAACBA001CEDF5 /* ViewController.m */ = {isa = PBXFileReference; lastKnownFileType = sourcecode.c.objc; path = ViewController.m; sourceTree = "<group>"; };
		939F57CB1ECAACBB001CEDF5 /* Base */ = {isa = PBXFileReference; lastKnownFileType = file.storyboard; name = Base; path = Base.lproj/Main.storyboard; sourceTree = "<group>"; };
		939F57CD1ECAACBB001CEDF5 /* Assets.xcassets */ = {isa = PBXFileReference; lastKnownFileType = folder.assetcatalog; path = Assets.xcassets; sourceTree = "<group>"; };
		939F57D01ECAACBB001CEDF5 /* Base */ = {isa = PBXFileReference; lastKnownFileType = file.storyboard; name = Base; path = Base.lproj/LaunchScreen.storyboard; sourceTree = "<group>"; };
		939F57D21ECAACBB001CEDF5 /* Info.plist */ = {isa = PBXFileReference; lastKnownFileType = text.plist.xml; path = Info.plist; sourceTree = "<group>"; };
		939F57D71ECAACBB001CEDF5 /* 条纹背景Tests.xctest */ = {isa = PBXFileReference; explicitFileType = wrapper.cfbundle; includeInIndex = 0; path = "条纹背景Tests.xctest"; sourceTree = BUILT_PRODUCTS_DIR; };
		939F57DB1ECAACBC001CEDF5 /* ____Tests.m */ = {isa = PBXFileReference; lastKnownFileType = sourcecode.c.objc; path = "____Tests.m"; sourceTree = "<group>"; };
		939F57DD1ECAACBC001CEDF5 /* Info.plist */ = {isa = PBXFileReference; lastKnownFileType = text.plist.xml; path = Info.plist; sourceTree = "<group>"; };
		939F57E21ECAACBC001CEDF5 /* 条纹背景UITests.xctest */ = {isa = PBXFileReference; explicitFileType = wrapper.cfbundle; includeInIndex = 0; path = "条纹背景UITests.xctest"; sourceTree = BUILT_PRODUCTS_DIR; };
		939F57E61ECAACBC001CEDF5 /* ____UITests.m */ = {isa = PBXFileReference; lastKnownFileType = sourcecode.c.objc; path = "____UITests.m"; sourceTree = "<group>"; };
		939F57E81ECAACBC001CEDF5 /* Info.plist */ = {isa = PBXFileReference; lastKnownFileType = text.plist.xml; path = Info.plist; sourceTree = "<group>"; };
/* End PBXFileReference section */

/* Begin PBXFrameworksBuildPhase section */
		939F57BB1ECAACB9001CEDF5 /* Frameworks */ = {
			isa = PBXFrameworksBuildPhase;
			buildActionMask = 2147483647;
			files = (
			);
			runOnlyForDeploymentPostprocessing = 0;
		};
		939F57D41ECAACBB001CEDF5 /* Frameworks */ = {
			isa = PBXFrameworksBuildPhase;
			buildActionMask = 2147483647;
			files = (
			);
			runOnlyForDeploymentPostprocessing = 0;
		};
		939F57DF1ECAACBC001CEDF5 /* Frameworks */ = {
			isa = PBXFrameworksBuildPhase;
			buildActionMask = 2147483647;
			files = (
			);
			runOnlyForDeploymentPostprocessing = 0;
		};
/* End PBXFrameworksBuildPhase section */

/* Begin PBXGroup section */
		939F57B51ECAACB6001CEDF5 = {
			isa = PBXGroup;
			children = (
				939F57C01ECAACB9001CEDF5 /* 条纹背景 */,
				939F57DA1ECAACBB001CEDF5 /* 条纹背景Tests */,
				939F57E51ECAACBC001CEDF5 /* 条纹背景UITests */,
				939F57BF1ECAACB9001CEDF5 /* Products */,
			);
			sourceTree = "<group>";
		};
		939F57BF1ECAACB9001CEDF5 /* Products */ = {
			isa = PBXGroup;
			children = (
				939F57BE1ECAACB9001CEDF5 /* 条纹背景.app */,
				939F57D71ECAACBB001CEDF5 /* 条纹背景Tests.xctest */,
				939F57E21ECAACBC001CEDF5 /* 条纹背景UITests.xctest */,
			);
			name = Products;
			sourceTree = "<group>";
		};
		939F57C01ECAACB9001CEDF5 /* 条纹背景 */ = {
			isa = PBXGroup;
			children = (
				939F57C41ECAACBA001CEDF5 /* AppDelegate.h */,
				939F57C51ECAACBA001CEDF5 /* AppDelegate.m */,
				939F57C71ECAACBA001CEDF5 /* ViewController.h */,
				939F57C81ECAACBA001CEDF5 /* ViewController.m */,
				939F57CA1ECAACBB001CEDF5 /* Main.storyboard */,
				939F57CD1ECAACBB001CEDF5 /* Assets.xcassets */,
				939F57CF1ECAACBB001CEDF5 /* LaunchScreen.storyboard */,
				939F57D21ECAACBB001CEDF5 /* Info.plist */,
				939F57C11ECAACB9001CEDF5 /* Supporting Files */,
			);
			path = "条纹背景";
			sourceTree = "<group>";
		};
		939F57C11ECAACB9001CEDF5 /* Supporting Files */ = {
			isa = PBXGroup;
			children = (
				939F57C21ECAACBA001CEDF5 /* main.m */,
			);
			name = "Supporting Files";
			sourceTree = "<group>";
		};
		939F57DA1ECAACBB001CEDF5 /* 条纹背景Tests */ = {
			isa = PBXGroup;
			children = (
				939F57DB1ECAACBC001CEDF5 /* ____Tests.m */,
				939F57DD1ECAACBC001CEDF5 /* Info.plist */,
			);
			path = "条纹背景Tests";
			sourceTree = "<group>";
		};
		939F57E51ECAACBC001CEDF5 /* 条纹背景UITests */ = {
			isa = PBXGroup;
			children = (
				939F57E61ECAACBC001CEDF5 /* ____UITests.m */,
				939F57E81ECAACBC001CEDF5 /* Info.plist */,
			);
			path = "条纹背景UITests";
			sourceTree = "<group>";
		};
/* End PBXGroup section */

/* Begin PBXNativeTarget section */
		939F57BD1ECAACB9001CEDF5 /* 条纹背景 */ = {
			isa = PBXNativeTarget;
			buildConfigurationList = 939F57EB1ECAACBC001CEDF5 /* Build configuration list for PBXNativeTarget "条纹背景" */;
			buildPhases = (
				939F57BA1ECAACB9001CEDF5 /* Sources */,
				939F57BB1ECAACB9001CEDF5 /* Frameworks */,
				939F57BC1ECAACB9001CEDF5 /* Resources */,
			);
			buildRules = (
			);
			dependencies = (
			);
			name = "条纹背景";
			productName = "条纹背景";
			productReference = 939F57BE1ECAACB9001CEDF5 /* 条纹背景.app */;
			productType = "com.apple.product-type.application";
		};
		939F57D61ECAACBB001CEDF5 /* 条纹背景Tests */ = {
			isa = PBXNativeTarget;
			buildConfigurationList = 939F57EE1ECAACBC001CEDF5 /* Build configuration list for PBXNativeTarget "条纹背景Tests" */;
			buildPhases = (
				939F57D31ECAACBB001CEDF5 /* Sources */,
				939F57D41ECAACBB001CEDF5 /* Frameworks */,
				939F57D51ECAACBB001CEDF5 /* Resources */,
			);
			buildRules = (
			);
			dependencies = (
				939F57D91ECAACBB001CEDF5 /* PBXTargetDependency */,
			);
			name = "条纹背景Tests";
			productName = "条纹背景Tests";
			productReference = 939F57D71ECAACBB001CEDF5 /* 条纹背景Tests.xctest */;
			productType = "com.apple.product-type.bundle.unit-test";
		};
		939F57E11ECAACBC001CEDF5 /* 条纹背景UITests */ = {
			isa = PBXNativeTarget;
			buildConfigurationList = 939F57F11ECAACBC001CEDF5 /* Build configuration list for PBXNativeTarget "条纹背景UITests" */;
			buildPhases = (
				939F57DE1ECAACBC001CEDF5 /* Sources */,
				939F57DF1ECAACBC001CEDF5 /* Frameworks */,
				939F57E01ECAACBC001CEDF5 /* Resources */,
			);
			buildRules = (
			);
			dependencies = (
				939F57E41ECAACBC001CEDF5 /* PBXTargetDependency */,
			);
			name = "条纹背景UITests";
			productName = "条纹背景UITests";
			productReference = 939F57E21ECAACBC001CEDF5 /* 条纹背景UITests.xctest */;
			productType = "com.apple.product-type.bundle.ui-testing";
		};
/* End PBXNativeTarget section */

/* Begin PBXProject section */
		939F57B61ECAACB7001CEDF5 /* Project object */ = {
			isa = PBXProject;
			attributes = {
				LastUpgradeCheck = 0820;
				ORGANIZATIONNAME = jsmysoft;
				TargetAttributes = {
					939F57BD1ECAACB9001CEDF5 = {
						CreatedOnToolsVersion = 8.2.1;
						ProvisioningStyle = Automatic;
					};
					939F57D61ECAACBB001CEDF5 = {
						CreatedOnToolsVersion = 8.2.1;
						ProvisioningStyle = Automatic;
						TestTargetID = 939F57BD1ECAACB9001CEDF5;
					};
					939F57E11ECAACBC001CEDF5 = {
						CreatedOnToolsVersion = 8.2.1;
						ProvisioningStyle = Automatic;
						TestTargetID = 939F57BD1ECAACB9001CEDF5;
					};
				};
			};
			buildConfigurationList = 939F57B91ECAACB7001CEDF5 /* Build configuration list for PBXProject "条纹背景" */;
			compatibilityVersion = "Xcode 3.2";
			developmentRegion = English;
			hasScannedForEncodings = 0;
			knownRegions = (
				en,
				Base,
			);
			mainGroup = 939F57B51ECAACB6001CEDF5;
			productRefGroup = 939F57BF1ECAACB9001CEDF5 /* Products */;
			projectDirPath = "";
			projectRoot = "";
			targets = (
				939F57BD1ECAACB9001CEDF5 /* 条纹背景 */,
				939F57D61ECAACBB001CEDF5 /* 条纹背景Tests */,
				939F57E11ECAACBC001CEDF5 /* 条纹背景UITests */,
			);
		};
/* End PBXProject section */

/* Begin PBXResourcesBuildPhase section */
		939F57BC1ECAACB9001CEDF5 /* Resources */ = {
			isa = PBXResourcesBuildPhase;
			buildActionMask = 2147483647;
			files = (
				939F57D11ECAACBB001CEDF5 /* LaunchScreen.storyboard in Resources */,
				939F57CE1ECAACBB001CEDF5 /* Assets.xcassets in Resources */,
				939F57CC1ECAACBB001CEDF5 /* Main.storyboard in Resources */,
			);
			runOnlyForDeploymentPostprocessing = 0;
		};
		939F57D51ECAACBB001CEDF5 /* Resources */ = {
			isa = PBXResourcesBuildPhase;
			buildActionMask = 2147483647;
			files = (
			);
			runOnlyForDeploymentPostprocessing = 0;
		};
		939F57E01ECAACBC001CEDF5 /* Resources */ = {
			isa = PBXResourcesBuildPhase;
			buildActionMask = 2147483647;
			files = (
			);
			runOnlyForDeploymentPostprocessing = 0;
		};
/* End PBXResourcesBuildPhase section */

/* Begin PBXSourcesBuildPhase section */
		939F57BA1ECAACB9001CEDF5 /* Sources */ = {
			isa = PBXSourcesBuildPhase;
			buildActionMask = 2147483647;
			files = (
				939F57C91ECAACBA001CEDF5 /* ViewController.m in Sources */,
				939F57C61ECAACBA001CEDF5 /* AppDelegate.m in Sources */,
				939F57C31ECAACBA001CEDF5 /* main.m in Sources */,
			);
			runOnlyForDeploymentPostprocessing = 0;
		};
		939F57D31ECAACBB001CEDF5 /* Sources */ = {
			isa = PBXSourcesBuildPhase;
			buildActionMask = 2147483647;
			files = (
				939F57DC1ECAACBC001CEDF5 /* ____Tests.m in Sources */,
			);
			runOnlyForDeploymentPostprocessing = 0;
		};
		939F57DE1ECAACBC001CEDF5 /* Sources */ = {
			isa = PBXSourcesBuildPhase;
			buildActionMask = 2147483647;
			files = (
				939F57E71ECAACBC001CEDF5 /* ____UITests.m in Sources */,
			);
			runOnlyForDeploymentPostprocessing = 0;
		};
/* End PBXSourcesBuildPhase section */

/* Begin PBXTargetDependency section */
		939F57D91ECAACBB001CEDF5 /* PBXTargetDependency */ = {
			isa = PBXTargetDependency;
			target = 939F57BD1ECAACB9001CEDF5 /* 条纹背景 */;
			targetProxy = 939F57D81ECAACBB001CEDF5 /* PBXContainerItemProxy */;
		};
		939F57E41ECAACBC001CEDF5 /* PBXTargetDependency */ = {
			isa = PBXTargetDependency;
			target = 939F57BD1ECAACB9001CEDF5 /* 条纹背景 */;
			targetProxy = 939F57E31ECAACBC001CEDF5 /* PBXContainerItemProxy */;
		};
/* End PBXTargetDependency section */

/* Begin PBXVariantGroup section */
		939F57CA1ECAACBB001CEDF5 /* Main.storyboard */ = {
			isa = PBXVariantGroup;
			children = (
				939F57CB1ECAACBB001CEDF5 /* Base */,
			);
			name = Main.storyboard;
			sourceTree = "<group>";
		};
		939F57CF1ECAACBB001CEDF5 /* LaunchScreen.storyboard */ = {
			isa = PBXVariantGroup;
			children = (
				939F57D01ECAACBB001CEDF5 /* Base */,
			);
			name = LaunchScreen.storyboard;
			sourceTree = "<group>";
		};
/* End PBXVariantGroup section */

/* Begin XCBuildConfiguration section */
		939F57E91ECAACBC001CEDF5 /* Debug */ = {
			isa = XCBuildConfiguration;
			buildSettings = {
				ALWAYS_SEARCH_USER_PATHS = NO;
				CLANG_ANALYZER_NONNULL = YES;
				CLANG_CXX_LANGUAGE_STANDARD = "gnu++0x";
				CLANG_CXX_LIBRARY = "libc++";
				CLANG_ENABLE_MODULES = YES;
				CLANG_ENABLE_OBJC_ARC = YES;
				CLANG_WARN_BOOL_CONVERSION = YES;
				CLANG_WARN_CONSTANT_CONVERSION = YES;
				CLANG_WARN_DIRECT_OBJC_ISA_USAGE = YES_ERROR;
				CLANG_WARN_DOCUMENTATION_COMMENTS = YES;
				CLANG_WARN_EMPTY_BODY = YES;
				CLANG_WARN_ENUM_CONVERSION = YES;
				CLANG_WARN_INFINITE_RECURSION = YES;
				CLANG_WARN_INT_CONVERSION = YES;
				CLANG_WARN_OBJC_ROOT_CLASS = YES_ERROR;
				CLANG_WARN_SUSPICIOUS_MOVE = YES;
				CLANG_WARN_UNREACHABLE_CODE = YES;
				CLANG_WARN__DUPLICATE_METHOD_MATCH = YES;
				"CODE_SIGN_IDENTITY[sdk=iphoneos*]" = "iPhone Developer";
				COPY_PHASE_STRIP = NO;
				DEBUG_INFORMATION_FORMAT = dwarf;
				ENABLE_STRICT_OBJC_MSGSEND = YES;
				ENABLE_TESTABILITY = YES;
				GCC_C_LANGUAGE_STANDARD = gnu99;
				GCC_DYNAMIC_NO_PIC = NO;
				GCC_NO_COMMON_BLOCKS = YES;
				GCC_OPTIMIZATION_LEVEL = 0;
				GCC_PREPROCESSOR_DEFINITIONS = (
					"DEBUG=1",
					"$(inherited)",
				);
				GCC_WARN_64_TO_32_BIT_CONVERSION = YES;
				GCC_WARN_ABOUT_RETURN_TYPE = YES_ERROR;
				GCC_WARN_UNDECLARED_SELECTOR = YES;
				GCC_WARN_UNINITIALIZED_AUTOS = YES_AGGRESSIVE;
				GCC_WARN_UNUSED_FUNCTION = YES;
				GCC_WARN_UNUSED_VARIABLE = YES;
				IPHONEOS_DEPLOYMENT_TARGET = 10.2;
				MTL_ENABLE_DEBUG_INFO = YES;
				ONLY_ACTIVE_ARCH = YES;
				SDKROOT = iphoneos;
			};
			name = Debug;
		};
		939F57EA1ECAACBC001CEDF5 /* Release */ = {
			isa = XCBuildConfiguration;
			buildSettings = {
				ALWAYS_SEARCH_USER_PATHS = NO;
				CLANG_ANALYZER_NONNULL = YES;
				CLANG_CXX_LANGUAGE_STANDARD = "gnu++0x";
				CLANG_CXX_LIBRARY = "libc++";
				CLANG_ENABLE_MODULES = YES;
				CLANG_ENABLE_OBJC_ARC = YES;
				CLANG_WARN_BOOL_CONVERSION = YES;
				CLANG_WARN_CONSTANT_CONVERSION = YES;
				CLANG_WARN_DIRECT_OBJC_ISA_USAGE = YES_ERROR;
				CLANG_WARN_DOCUMENTATION_COMMENTS = YES;
				CLANG_WARN_EMPTY_BODY = YES;
				CLANG_WARN_ENUM_CONVERSION = YES;
				CLANG_WARN_INFINITE_RECURSION = YES;
				CLANG_WARN_INT_CONVERSION = YES;
				CLANG_WARN_OBJC_ROOT_CLASS = YES_ERROR;
				CLANG_WARN_SUSPICIOUS_MOVE = YES;
				CLANG_WARN_UNREACHABLE_CODE = YES;
				CLANG_WARN__DUPLICATE_METHOD_MATCH = YES;
				"CODE_SIGN_IDENTITY[sdk=iphoneos*]" = "iPhone Developer";
				COPY_PHASE_STRIP = NO;
				DEBUG_INFORMATION_FORMAT = "dwarf-with-dsym";
				ENABLE_NS_ASSERTIONS = NO;
				ENABLE_STRICT_OBJC_MSGSEND = YES;
				GCC_C_LANGUAGE_STANDARD = gnu99;
				GCC_NO_COMMON_BLOCKS = YES;
				GCC_WARN_64_TO_32_BIT_CONVERSION = YES;
				GCC_WARN_ABOUT_RETURN_TYPE = YES_ERROR;
				GCC_WARN_UNDECLARED_SELECTOR = YES;
				GCC_WARN_UNINITIALIZED_AUTOS = YES_AGGRESSIVE;
				GCC_WARN_UNUSED_FUNCTION = YES;
				GCC_WARN_UNUSED_VARIABLE = YES;
				IPHONEOS_DEPLOYMENT_TARGET = 10.2;
				MTL_ENABLE_DEBUG_INFO = NO;
				SDKROOT = iphoneos;
				VALIDATE_PRODUCT = YES;
			};
			name = Release;
		};
		939F57EC1ECAACBC001CEDF5 /* Debug */ = {
			isa = XCBuildConfiguration;
			buildSettings = {
				ASSETCATALOG_COMPILER_APPICON_NAME = AppIcon;
				INFOPLIST_FILE = "条纹背景/Info.plist";
				LD_RUNPATH_SEARCH_PATHS = "$(inherited) @executable_path/Frameworks";
				PRODUCT_BUNDLE_IDENTIFIER = "zy.----";
				PRODUCT_NAME = "$(TARGET_NAME)";
			};
			name = Debug;
		};
		939F57ED1ECAACBC001CEDF5 /* Release */ = {
			isa = XCBuildConfiguration;
			buildSettings = {
				ASSETCATALOG_COMPILER_APPICON_NAME = AppIcon;
				INFOPLIST_FILE = "条纹背景/Info.plist";
				LD_RUNPATH_SEARCH_PATHS = "$(inherited) @executable_path/Frameworks";
				PRODUCT_BUNDLE_IDENTIFIER = "zy.----";
				PRODUCT_NAME = "$(TARGET_NAME)";
			};
			name = Release;
		};
		939F57EF1ECAACBC001CEDF5 /* Debug */ = {
			isa = XCBuildConfiguration;
			buildSettings = {
				BUNDLE_LOADER = "$(TEST_HOST)";
				INFOPLIST_FILE = "条纹背景Tests/Info.plist";
				LD_RUNPATH_SEARCH_PATHS = "$(inherited) @executable_path/Frameworks @loader_path/Frameworks";
				PRODUCT_BUNDLE_IDENTIFIER = "zy.----Tests";
				PRODUCT_NAME = "$(TARGET_NAME)";
				TEST_HOST = "$(BUILT_PRODUCTS_DIR)/条纹背景.app/条纹背景";
			};
			name = Debug;
		};
		939F57F01ECAACBC001CEDF5 /* Release */ = {
			isa = XCBuildConfiguration;
			buildSettings = {
				BUNDLE_LOADER = "$(TEST_HOST)";
				INFOPLIST_FILE = "条纹背景Tests/Info.plist";
				LD_RUNPATH_SEARCH_PATHS = "$(inherited) @executable_path/Frameworks @loader_path/Frameworks";
				PRODUCT_BUNDLE_IDENTIFIER = "zy.----Tests";
				PRODUCT_NAME = "$(TARGET_NAME)";
				TEST_HOST = "$(BUILT_PRODUCTS_DIR)/条纹背景.app/条纹背景";
			};
			name = Release;
		};
		939F57F21ECAACBC001CEDF5 /* Debug */ = {
			isa = XCBuildConfiguration;
			buildSettings = {
				INFOPLIST_FILE = "条纹背景UITests/Info.plist";
				LD_RUNPATH_SEARCH_PATHS = "$(inherited) @executable_path/Frameworks @loader_path/Frameworks";
				PRODUCT_BUNDLE_IDENTIFIER = "zy.----UITests";
				PRODUCT_NAME = "$(TARGET_NAME)";
				TEST_TARGET_NAME = "条纹背景";
			};
			name = Debug;
		};
		939F57F31ECAACBC001CEDF5 /* Release */ = {
			isa = XCBuildConfiguration;
			buildSettings = {
				INFOPLIST_FILE = "条纹背景UITests/Info.plist";
				LD_RUNPATH_SEARCH_PATHS = "$(inherited) @executable_path/Frameworks @loader_path/Frameworks";
				PRODUCT_BUNDLE_IDENTIFIER = "zy.----UITests";
				PRODUCT_NAME = "$(TARGET_NAME)";
				TEST_TARGET_NAME = "条纹背景";
			};
			name = Release;
		};
/* End XCBuildConfiguration section */

/* Begin XCConfigurationList section */
		939F57B91ECAACB7001CEDF5 /* Build configuration list for PBXProject "条纹背景" */ = {
			isa = XCConfigurationList;
			buildConfigurations = (
				939F57E91ECAACBC001CEDF5 /* Debug */,
				939F57EA1ECAACBC001CEDF5 /* Release */,
			);
			defaultConfigurationIsVisible = 0;
			defaultConfigurationName = Release;
		};
		939F57EB1ECAACBC001CEDF5 /* Build configuration list for PBXNativeTarget "条纹背景" */ = {
			isa = XCConfigurationList;
			buildConfigurations = (
				939F57EC1ECAACBC001CEDF5 /* Debug */,
				939F57ED1ECAACBC001CEDF5 /* Release */,
			);
			defaultConfigurationIsVisible = 0;
		};
		939F57EE1ECAACBC001CEDF5 /* Build configuration list for PBXNativeTarget "条纹背景Tests" */ = {
			isa = XCConfigurationList;
			buildConfigurations = (
				939F57EF1ECAACBC001CEDF5 /* Debug */,
				939F57F01ECAACBC001CEDF5 /* Release */,
			);
			defaultConfigurationIsVisible = 0;
		};
		939F57F11ECAACBC001CEDF5 /* Build configuration list for PBXNativeTarget "条纹背景UITests" */ = {
			isa = XCConfigurationList;
			buildConfigurations = (
				939F57F21ECAACBC001CEDF5 /* Debug */,
				939F57F31ECAACBC001CEDF5 /* Release */,
			);
			defaultConfigurationIsVisible = 0;
		};
/* End XCConfigurationList section */
	};
	rootObject = 939F57B61ECAACB7001CEDF5 /* Project object */;
}
